
Microsoft Visual Studio Solution File, Format Version 12.00
# Visual Studio 15
VisualStudioVersion = 15.0.27428.2037
MinimumVisualStudioVersion = 10.0.40219.1
Project("{9A19103F-16F7-4668-BE54-9A1E7A4F7556}") = "RMB.Web.API", "RMB.Web.API\RMB.Web.API.csproj", "{2F509D14-D364-402C-9CBA-D98B57B96CE9}"
EndProject
Project("{FAE04EC0-301F-11D3-BF4B-00C04F79EFBC}") = "RMB.Web.Domain", "RMB.Web.Domain\RMB.Web.Domain.csproj", "{28ECC307-5586-41F8-B573-D588BF110626}"
EndProject
Project("{FAE04EC0-301F-11D3-BF4B-00C04F79EFBC}") = "RMB.Web.Repository", "RMB.Web.Repository\RMB.Web.Repository.csproj", "{8B366CB5-E012-4A9D-B97B-70EE68D93E4A}"
EndProject
Global
	GlobalSection(SolutionConfigurationPlatforms) = preSolution
		Debug|Any CPU = Debug|Any CPU
		Release|Any CPU = Release|Any CPU
	EndGlobalSection
	GlobalSection(ProjectConfigurationPlatforms) = postSolution
		{2F509D14-D364-402C-9CBA-D98B57B96CE9}.Debug|Any CPU.ActiveCfg = Debug|Any CPU
		{2F509D14-D364-402C-9CBA-D98B57B96CE9}.Debug|Any CPU.Build.0 = Debug|Any CPU
		{2F509D14-D364-402C-9CBA-D98B57B96CE9}.Release|Any CPU.ActiveCfg = Release|Any CPU
		{2F509D14-D364-402C-9CBA-D98B57B96CE9}.Release|Any CPU.Build.0 = Release|Any CPU
		{28ECC307-5586-41F8-B573-D588BF110626}.Debug|Any CPU.ActiveCfg = Debug|Any CPU
		{28ECC307-5586-41F8-B573-D588BF110626}.Debug|Any CPU.Build.0 = Debug|Any CPU
		{28ECC307-5586-41F8-B573-D588BF110626}.Release|Any CPU.ActiveCfg = Release|Any CPU
		{28ECC307-5586-41F8-B573-D588BF110626}.Release|Any CPU.Build.0 = Release|Any CPU
		{8B366CB5-E012-4A9D-B97B-70EE68D93E4A}.Debug|Any CPU.ActiveCfg = Debug|Any CPU
		{8B366CB5-E012-4A9D-B97B-70EE68D93E4A}.Debug|Any CPU.Build.0 = Debug|Any CPU
		{8B366CB5-E012-4A9D-B97B-70EE68D93E4A}.Release|Any CPU.ActiveCfg = Release|Any CPU
		{8B366CB5-E012-4A9D-B97B-70EE68D93E4A}.Release|Any CPU.Build.0 = Release|Any CPU
	EndGlobalSection
	GlobalSection(SolutionProperties) = preSolution
		HideSolutionNode = FALSE
	EndGlobalSection
	GlobalSection(ExtensibilityGlobals) = postSolution
		SolutionGuid = {3DF7FCC3-150A-4A26-BA8C-D9CE6F480E60}
	EndGlobalSection
EndGlobal
